
Microsoft Visual Studio Solution File, Format Version 12.00
# Visual Studio Version 16
VisualStudioVersion = 16.0.29806.167
MinimumVisualStudioVersion = 10.0.40219.1
Project("{8BC9CEB8-8B4A-11D0-8D11-00A0C91BC942}") = "imgui_test_suite", "imgui_test_suite\imgui_test_suite.vcxproj", "{9F316E83-5AE5-4939-A723-305A94F48005}"
	ProjectSection(ProjectDependencies) = postProject
		{E6FAC6EF-4B54-45C4-9E76-3B063B51D4B9} = {E6FAC6EF-4B54-45C4-9E76-3B063B51D4B9}
	EndProjectSection
EndProject
Project("{8BC9CEB8-8B4A-11D0-8D11-00A0C91BC942}") = "imgui_test_engine", "imgui_test_engine\imgui_test_engine.vcxproj", "{E6FAC6EF-4B54-45C4-9E76-3B063B51D4B9}"
EndProject
Project("{8BC9CEB8-8B4A-11D0-8D11-00A0C91BC942}") = "app_minimal", "app_minimal\app_minimal.vcxproj", "{16BDE790-9418-4217-9D2B-D51D56C15706}"
EndProject
Global
	GlobalSection(SolutionConfigurationPlatforms) = preSolution
		Debug|Win32 = Debug|Win32
		Debug|x64 = Debug|x64
		Release|Win32 = Release|Win32
		Release|x64 = Release|x64
	EndGlobalSection
	GlobalSection(ProjectConfigurationPlatforms) = postSolution
		{9F316E83-5AE5-4939-A723-305A94F48005}.Debug|Win32.ActiveCfg = Debug|Win32
		{9F316E83-5AE5-4939-A723-305A94F48005}.Debug|Win32.Build.0 = Debug|Win32
		{9F316E83-5AE5-4939-A723-305A94F48005}.Debug|x64.ActiveCfg = Debug|x64
		{9F316E83-5AE5-4939-A723-305A94F48005}.Debug|x64.Build.0 = Debug|x64
		{9F316E83-5AE5-4939-A723-305A94F48005}.Release|Win32.ActiveCfg = Release|Win32
		{9F316E83-5AE5-4939-A723-305A94F48005}.Release|Win32.Build.0 = Release|Win32
		{9F316E83-5AE5-4939-A723-305A94F48005}.Release|x64.ActiveCfg = Release|x64
		{9F316E83-5AE5-4939-A723-305A94F48005}.Release|x64.Build.0 = Release|x64
		{E6FAC6EF-4B54-45C4-9E76-3B063B51D4B9}.Debug|Win32.ActiveCfg = Debug|Win32
		{E6FAC6EF-4B54-45C4-9E76-3B063B51D4B9}.Debug|Win32.Build.0 = Debug|Win32
		{E6FAC6EF-4B54-45C4-9E76-3B063B51D4B9}.Debug|x64.ActiveCfg = Debug|x64
		{E6FAC6EF-4B54-45C4-9E76-3B063B51D4B9}.Debug|x64.Build.0 = Debug|x64
		{E6FAC6EF-4B54-45C4-9E76-3B063B51D4B9}.Release|Win32.ActiveCfg = Release|Win32
		{E6FAC6EF-4B54-45C4-9E76-3B063B51D4B9}.Release|Win32.Build.0 = Release|Win32
		{E6FAC6EF-4B54-45C4-9E76-3B063B51D4B9}.Release|x64.ActiveCfg = Release|x64
		{E6FAC6EF-4B54-45C4-9E76-3B063B51D4B9}.Release|x64.Build.0 = Release|x64
		{16BDE790-9418-4217-9D2B-D51D56C15706}.Debug|Win32.ActiveCfg = Debug|Win32
		{16BDE790-9418-4217-9D2B-D51D56C15706}.Debug|Win32.Build.0 = Debug|Win32
		{16BDE790-9418-4217-9D2B-D51D56C15706}.Debug|x64.ActiveCfg = Debug|x64
		{16BDE790-9418-4217-9D2B-D51D56C15706}.Debug|x64.Build.0 = Debug|x64
		{16BDE790-9418-4217-9D2B-D51D56C15706}.Release|Win32.ActiveCfg = Release|Win32
		{16BDE790-9418-4217-9D2B-D51D56C15706}.Release|Win32.Build.0 = Release|Win32
		{16BDE790-9418-4217-9D2B-D51D56C15706}.Release|x64.ActiveCfg = Release|x64
		{16BDE790-9418-4217-9D2B-D51D56C15706}.Release|x64.Build.0 = Release|x64
	EndGlobalSection
	GlobalSection(SolutionProperties) = preSolution
		HideSolutionNode = FALSE
	EndGlobalSection
	GlobalSection(ExtensibilityGlobals) = postSolution
		SolutionGuid = {98130DCC-995B-415D-9EBD-0A8EA83C5867}
	EndGlobalSection
EndGlobal
