<?xml version="1.0" encoding="utf-8"?>
<Project ToolsVersion="4.0" xmlns="http://schemas.microsoft.com/developer/msbuild/2003">
  <ItemGroup>
    <Filter Include="sources">
      <UniqueIdentifier>{4FC737F1-C7A5-4376-A066-2A32D752A2FF}</UniqueIdentifier>
      <Extensions>cpp;c;cc;cxx;def;odl;idl;hpj;bat;asm;asmx</Extensions>
    </Filter>
    <Filter Include="imgui">
      <UniqueIdentifier>{dde86bc5-15df-4c9f-aef1-72b689ce5875}</UniqueIdentifier>
    </Filter>
    <Filter Include="docs">
      <UniqueIdentifier>{f6fc3c16-99ff-4353-a8c9-3adc35dae6ce}</UniqueIdentifier>
    </Filter>
    <Filter Include="shared">
      <UniqueIdentifier>{9e5548de-99f5-4e89-b4a9-7cb34eecc6f2}</UniqueIdentifier>
    </Filter>
    <Filter Include="thirdparty">
      <UniqueIdentifier>{088d9c0b-65a8-4c80-8442-b378d33e5ab5}</UniqueIdentifier>
    </Filter>
    <Filter Include="thirdparty\nativefiledialog">
      <UniqueIdentifier>{681339c6-6c88-44ba-a345-0dab815489dc}</UniqueIdentifier>
    </Filter>
    <Filter Include="thirdparty\imguizmo">
      <UniqueIdentifier>{ffb7f50e-891f-496f-b64f-a4f400132244}</UniqueIdentifier>
    </Filter>
    <Filter Include="thirdparty\imgui_markdown">
      <UniqueIdentifier>{f7a806d9-bd37-4b41-abf7-af705d8bbdb6}</UniqueIdentifier>
    </Filter>
    <Filter Include="thirdparty\imgui_memory_editor">
      <UniqueIdentifier>{0d136b7a-5fd1-446a-a424-ba26cecc491d}</UniqueIdentifier>
    </Filter>
    <Filter Include="thirdparty\implot">
      <UniqueIdentifier>{ba5cb1e9-0ab7-439d-9cf1-dc8a8ace037f}</UniqueIdentifier>
    </Filter>
  </ItemGroup>
  <ItemGroup>
    <ClInclude Include="..\..\imgui\imconfig.h">
      <Filter>imgui</Filter>
    </ClInclude>
    <ClInclude Include="..\..\imgui\imgui.h">
      <Filter>imgui</Filter>
    </ClInclude>
    <ClInclude Include="..\..\imgui\imgui_internal.h">
      <Filter>imgui</Filter>
    </ClInclude>
    <ClInclude Include="..\..\imgui\imstb_rectpack.h">
      <Filter>imgui</Filter>
    </ClInclude>
    <ClInclude Include="..\..\imgui\imstb_textedit.h">
      <Filter>imgui</Filter>
    </ClInclude>
    <ClInclude Include="..\..\imgui\imstb_truetype.h">
      <Filter>imgui</Filter>
    </ClInclude>
    <ClInclude Include="editor_widgets.h">
      <Filter>sources</Filter>
    </ClInclude>
    <ClInclude Include="..\shared\imgui_app.h">
      <Filter>shared</Filter>
    </ClInclude>
    <ClInclude Include="sandbox_imconfig.h">
      <Filter>sources</Filter>
    </ClInclude>
    <ClInclude Include="editor_assets_browser.h">
      <Filter>sources</Filter>
    </ClInclude>
    <ClInclude Include="sandbox_tests.h">
      <Filter>sources</Filter>
    </ClInclude>
    <ClInclude Include="sandbox_styles.h">
      <Filter>sources</Filter>
    </ClInclude>
    <ClInclude Include="thirdparty\nativefiledialog\nfd.h">
      <Filter>thirdparty\nativefiledialog</Filter>
    </ClInclude>
    <ClInclude Include="thirdparty\nativefiledialog\nfd_common.h">
      <Filter>thirdparty\nativefiledialog</Filter>
    </ClInclude>
    <ClInclude Include="thirdparty\nativefiledialog\common.h">
      <Filter>thirdparty\nativefiledialog</Filter>
    </ClInclude>
    <ClInclude Include="thirdparty\ImGuizmo\ImGuizmo.h">
      <Filter>thirdparty\imguizmo</Filter>
    </ClInclude>
    <ClInclude Include="thirdparty\imgui_memory_editor\imgui_memory_editor.h">
      <Filter>thirdparty\imgui_memory_editor</Filter>
    </ClInclude>
    <ClInclude Include="thirdparty\imgui_markdown\imgui_markdown.h">
      <Filter>thirdparty\imgui_markdown</Filter>
    </ClInclude>
    <ClInclude Include="..\imgui_test_engine\thirdparty\implot\implot_internal.h">
      <Filter>thirdparty\implot</Filter>
    </ClInclude>
    <ClInclude Include="..\imgui_test_engine\thirdparty\implot\implot.h">
      <Filter>thirdparty\implot</Filter>
    </ClInclude>
  </ItemGroup>
  <ItemGroup>
    <ClCompile Include="..\..\imgui\imgui.cpp">
      <Filter>imgui</Filter>
    </ClCompile>
    <ClCompile Include="..\..\imgui\imgui_demo.cpp">
      <Filter>imgui</Filter>
    </ClCompile>
    <ClCompile Include="..\..\imgui\imgui_draw.cpp">
      <Filter>imgui</Filter>
    </ClCompile>
    <ClCompile Include="..\..\imgui\imgui_widgets.cpp">
      <Filter>imgui</Filter>
    </ClCompile>
    <ClCompile Include="sandbox_main.cpp">
      <Filter>sources</Filter>
    </ClCompile>
    <ClCompile Include="editor_widgets.cpp">
      <Filter>sources</Filter>
    </ClCompile>
    <ClCompile Include="..\shared\imgui_app.cpp">
      <Filter>shared</Filter>
    </ClCompile>
    <ClCompile Include="editor_assets_browser.cpp">
      <Filter>sources</Filter>
    </ClCompile>
    <ClCompile Include="editor_scene.cpp">
      <Filter>sources</Filter>
    </ClCompile>
    <ClCompile Include="sandbox_tests.cpp">
      <Filter>sources</Filter>
    </ClCompile>
    <ClCompile Include="sandbox_styles.cpp">
      <Filter>sources</Filter>
    </ClCompile>
    <ClCompile Include="..\..\imgui\imgui_tables.cpp">
      <Filter>imgui</Filter>
    </ClCompile>
    <ClCompile Include="thirdparty\nativefiledialog\nfd_win.cpp">
      <Filter>thirdparty\nativefiledialog</Filter>
    </ClCompile>
    <ClCompile Include="thirdparty\nativefiledialog\nfd_common.c">
      <Filter>thirdparty\nativefiledialog</Filter>
    </ClCompile>
    <ClCompile Include="thirdparty\ImGuizmo\ImGuizmo.cpp">
      <Filter>thirdparty\imguizmo</Filter>
    </ClCompile>
    <ClCompile Include="..\imgui_test_engine\thirdparty\implot\implot_items.cpp">
      <Filter>thirdparty\implot</Filter>
    </ClCompile>
    <ClCompile Include="..\imgui_test_engine\thirdparty\implot\implot.cpp">
      <Filter>thirdparty\implot</Filter>
    </ClCompile>
    <ClCompile Include="..\imgui_test_engine\thirdparty\implot\implot_demo.cpp">
      <Filter>thirdparty\implot</Filter>
    </ClCompile>
  </ItemGroup>
  <ItemGroup>
    <Text Include="docs\TODO.txt">
      <Filter>docs</Filter>
    </Text>
  </ItemGroup>
  <ItemGroup>
    <Natvis Include="..\..\imgui\misc\debuggers\imgui.natvis">
      <Filter>imgui</Filter>
    </Natvis>
  </ItemGroup>
  <ItemGroup>
    <None Include="..\..\imgui\misc\debuggers\imgui.natstepfilter">
      <Filter>imgui</Filter>
    </None>
  </ItemGroup>
</Project>